
Microsoft Visual Studio Solution File, Format Version 12.00
# Visual Studio 2012
Project("{F184B08F-C81C-45F6-A57F-5ABD9991F28F}") = "Cristiano-calculadoras-v2", "Cristiano-calculadoras-v2\Cristiano-calculadoras-v2.vbproj", "{D902F16F-26B6-4394-B7D3-291BA0FBFBE7}"
EndProject
Global
	GlobalSection(SolutionConfigurationPlatforms) = preSolution
		Debug|Any CPU = Debug|Any CPU
		Release|Any CPU = Release|Any CPU
	EndGlobalSection
	GlobalSection(ProjectConfigurationPlatforms) = postSolution
		{D902F16F-26B6-4394-B7D3-291BA0FBFBE7}.Debug|Any CPU.ActiveCfg = Debug|Any CPU
		{D902F16F-26B6-4394-B7D3-291BA0FBFBE7}.Debug|Any CPU.Build.0 = Debug|Any CPU
		{D902F16F-26B6-4394-B7D3-291BA0FBFBE7}.Release|Any CPU.ActiveCfg = Release|Any CPU
		{D902F16F-26B6-4394-B7D3-291BA0FBFBE7}.Release|Any CPU.Build.0 = Release|Any CPU
	EndGlobalSection
	GlobalSection(SolutionProperties) = preSolution
		HideSolutionNode = FALSE
	EndGlobalSection
EndGlobal
